
Microsoft Visual Studio Solution File, Format Version 12.00
# Visual Studio Version 17
VisualStudioVersion = 17.7.34202.233
MinimumVisualStudioVersion = 10.0.40219.1
Project("{FAE04EC0-301F-11D3-BF4B-00C04F79EFBC}") = "Rasiga_Camelia_Lab1", "Rasiga_Camelia_Lab1.csproj", "{F5689D2A-96C2-467A-B2D7-AEF46295DD80}"
EndProject
Global
	GlobalSection(SolutionConfigurationPlatforms) = preSolution
		Debug|Any CPU = Debug|Any CPU
		Release|Any CPU = Release|Any CPU
	EndGlobalSection
	GlobalSection(ProjectConfigurationPlatforms) = postSolution
		{F5689D2A-96C2-467A-B2D7-AEF46295DD80}.Debug|Any CPU.ActiveCfg = Debug|Any CPU
		{F5689D2A-96C2-467A-B2D7-AEF46295DD80}.Debug|Any CPU.Build.0 = Debug|Any CPU
		{F5689D2A-96C2-467A-B2D7-AEF46295DD80}.Release|Any CPU.ActiveCfg = Release|Any CPU
		{F5689D2A-96C2-467A-B2D7-AEF46295DD80}.Release|Any CPU.Build.0 = Release|Any CPU
	EndGlobalSection
	GlobalSection(SolutionProperties) = preSolution
		HideSolutionNode = FALSE
	EndGlobalSection
	GlobalSection(ExtensibilityGlobals) = postSolution
		SolutionGuid = {24D65178-839E-40FD-805D-0FAD8A961ED5}
	EndGlobalSection
EndGlobal
